
Microsoft Visual Studio Solution File, Format Version 12.00
# Visual Studio Version 17
VisualStudioVersion = 17.14.36202.13 d17.14
MinimumVisualStudioVersion = 10.0.40219.1
Project("{54A90642-561A-4BB1-A94E-469ADEE60C69}") = "base", "base\base.esproj", "{3BA94CD6-E4FC-5CCD-3B9A-5CAE7281FEBF}"
EndProject
Global
	GlobalSection(SolutionConfigurationPlatforms) = preSolution
		Debug|Any CPU = Debug|Any CPU
		Release|Any CPU = Release|Any CPU
	EndGlobalSection
	GlobalSection(ProjectConfigurationPlatforms) = postSolution
		{3BA94CD6-E4FC-5CCD-3B9A-5CAE7281FEBF}.Debug|Any CPU.ActiveCfg = Debug|Any CPU
		{3BA94CD6-E4FC-5CCD-3B9A-5CAE7281FEBF}.Debug|Any CPU.Build.0 = Debug|Any CPU
		{3BA94CD6-E4FC-5CCD-3B9A-5CAE7281FEBF}.Debug|Any CPU.Deploy.0 = Debug|Any CPU
		{3BA94CD6-E4FC-5CCD-3B9A-5CAE7281FEBF}.Release|Any CPU.ActiveCfg = Release|Any CPU
		{3BA94CD6-E4FC-5CCD-3B9A-5CAE7281FEBF}.Release|Any CPU.Build.0 = Release|Any CPU
		{3BA94CD6-E4FC-5CCD-3B9A-5CAE7281FEBF}.Release|Any CPU.Deploy.0 = Release|Any CPU
	EndGlobalSection
	GlobalSection(SolutionProperties) = preSolution
		HideSolutionNode = FALSE
	EndGlobalSection
	GlobalSection(ExtensibilityGlobals) = postSolution
		SolutionGuid = {3810C899-1244-41FD-823A-0AB05DF3CAB5}
	EndGlobalSection
EndGlobal
